{
  "name": "gameday",
  "version": "1.0.0",
  "lockfileVersion": 3,
  "requires": true,
  "packages": {
    "": {
      "name": "gameday",
      "version": "1.0.0",
      "license": "ISC",
      "dependencies": {
        "snyk-gameday-package": "^1.1.0"
      }
    },
    "node_modules/snyk-gameday-package": {
      "version": "1.1.0",
      "resolved": "https://registry.npmjs.org/snyk-gameday-package/-/snyk-gameday-package-1.1.0.tgz",
      "integrity": "sha512-eSNtDYnJvEq5YgJ86FMbCNVT0FE7+vUI1zjn0VKXslk2Q2ana5mE/8w8U7IrIeP4NfvFPzUMToECcMywmSxMbA==",
      "bin": {
        "sgpkg": "bin/sgpkg",
        "sgpkgpackage": "bin/sgpkgpm",
        "snyk-gameday-package": "bin/sgpkg",
        "spm": "bin/sgpkgpm"
      }
    }
  }
}
